// !$*UTF8*$!
{
	archiveVersion = 1;
	classes = {
	};
	objectVersion = 46;
	objects = {

/* Begin PBXBuildFile section */
		AC41338A1C8C821E00FE7CFA /* EventMonitor.swift in Sources */ = {isa = PBXBuildFile; fileRef = AC4133891C8C821E00FE7CFA /* EventMonitor.swift */; };
		AC63E8671C54CB3200D4C116 /* AppDelegate.swift in Sources */ = {isa = PBXBuildFile; fileRef = AC63E8661C54CB3200D4C116 /* AppDelegate.swift */; };
		AC63E8691C54CB3200D4C116 /* Assets.xcassets in Resources */ = {isa = PBXBuildFile; fileRef = AC63E8681C54CB3200D4C116 /* Assets.xcassets */; };
		AC63E86C1C54CB3200D4C116 /* MainMenu.xib in Resources */ = {isa = PBXBuildFile; fileRef = AC63E86A1C54CB3200D4C116 /* MainMenu.xib */; };
		AC63E87C1C54CBC800D4C116 /* PGCalendarBackground.m in Sources */ = {isa = PBXBuildFile; fileRef = AC63E8761C54CBC800D4C116 /* PGCalendarBackground.m */; };
		AC63E87D1C54CBC800D4C116 /* PGCalendarCell.m in Sources */ = {isa = PBXBuildFile; fileRef = AC63E8781C54CBC800D4C116 /* PGCalendarCell.m */; };
		AC63E87E1C54CBC800D4C116 /* PGCalendarView.m in Sources */ = {isa = PBXBuildFile; fileRef = AC63E87A1C54CBC800D4C116 /* PGCalendarView.m */; };
		AC63E87F1C54CBC800D4C116 /* PGCalendarView.xib in Resources */ = {isa = PBXBuildFile; fileRef = AC63E87B1C54CBC800D4C116 /* PGCalendarView.xib */; };
		ACE878A41CA5104800E13642 /* PreferencesWindow.swift in Sources */ = {isa = PBXBuildFile; fileRef = ACE878A21CA5104800E13642 /* PreferencesWindow.swift */; };
		ACE878A51CA5104800E13642 /* PreferencesWindow.xib in Resources */ = {isa = PBXBuildFile; fileRef = ACE878A31CA5104800E13642 /* PreferencesWindow.xib */; };
		ACE8C5E01CA52B100075512C /* CustomEventCell.swift in Sources */ = {isa = PBXBuildFile; fileRef = ACE8C5DF1CA52B100075512C /* CustomEventCell.swift */; };
		ACE8C5E21CA53BD80075512C /* SwiftDate.framework in Frameworks */ = {isa = PBXBuildFile; fileRef = ACE8C5E11CA53BD80075512C /* SwiftDate.framework */; };
		ACE8C5E31CA53BD80075512C /* SwiftDate.framework in Embed Frameworks */ = {isa = PBXBuildFile; fileRef = ACE8C5E11CA53BD80075512C /* SwiftDate.framework */; settings = {ATTRIBUTES = (CodeSignOnCopy, RemoveHeadersOnCopy, ); }; };
		ACE8C5E71CA53C190075512C /* SwiftDate.framework.dSYM in CopyFiles */ = {isa = PBXBuildFile; fileRef = ACE8C5E61CA53C190075512C /* SwiftDate.framework.dSYM */; };
		ACEBE2271C9338EB001C8410 /* CalendarContentViewController.swift in Sources */ = {isa = PBXBuildFile; fileRef = ACEBE2251C9338EB001C8410 /* CalendarContentViewController.swift */; };
		ACEBE2281C9338EB001C8410 /* CalendarContentViewController.xib in Resources */ = {isa = PBXBuildFile; fileRef = ACEBE2261C9338EB001C8410 /* CalendarContentViewController.xib */; };
		ACEBE2461C93F9FB001C8410 /* AppDelegate.swift in Sources */ = {isa = PBXBuildFile; fileRef = ACEBE2451C93F9FB001C8410 /* AppDelegate.swift */; };
		ACEBE24A1C93F9FB001C8410 /* Assets.xcassets in Resources */ = {isa = PBXBuildFile; fileRef = ACEBE2491C93F9FB001C8410 /* Assets.xcassets */; };
		ACEBE24D1C93F9FB001C8410 /* Main.storyboard in Resources */ = {isa = PBXBuildFile; fileRef = ACEBE24B1C93F9FB001C8410 /* Main.storyboard */; };
		ACEBE2551C93FADD001C8410 /* LauncherApplication.app in Copy Launcher App */ = {isa = PBXBuildFile; fileRef = ACEBE2431C93F9FB001C8410 /* LauncherApplication.app */; settings = {ATTRIBUTES = (RemoveHeadersOnCopy, ); }; };
		ACEBE2571C93FAFA001C8410 /* ServiceManagement.framework in Frameworks */ = {isa = PBXBuildFile; fileRef = ACEBE2561C93FAFA001C8410 /* ServiceManagement.framework */; };
/* End PBXBuildFile section */

/* Begin PBXCopyFilesBuildPhase section */
		ACE8C5E41CA53BD90075512C /* Embed Frameworks */ = {
			isa = PBXCopyFilesBuildPhase;
			buildActionMask = 2147483647;
			dstPath = "";
			dstSubfolderSpec = 10;
			files = (
				ACE8C5E31CA53BD80075512C /* SwiftDate.framework in Embed Frameworks */,
			);
			name = "Embed Frameworks";
			runOnlyForDeploymentPostprocessing = 0;
		};
		ACE8C5E51CA53BF90075512C /* CopyFiles */ = {
			isa = PBXCopyFilesBuildPhase;
			buildActionMask = 2147483647;
			dstPath = "";
			dstSubfolderSpec = 16;
			files = (
				ACE8C5E71CA53C190075512C /* SwiftDate.framework.dSYM in CopyFiles */,
			);
			runOnlyForDeploymentPostprocessing = 0;
		};
		ACEBE2541C93FABA001C8410 /* Copy Launcher App */ = {
			isa = PBXCopyFilesBuildPhase;
			buildActionMask = 2147483647;
			dstPath = Contents/Library/LoginItems;
			dstSubfolderSpec = 1;
			files = (
				ACEBE2551C93FADD001C8410 /* LauncherApplication.app in Copy Launcher App */,
			);
			name = "Copy Launcher App";
			runOnlyForDeploymentPostprocessing = 0;
		};
/* End PBXCopyFilesBuildPhase section */

/* Begin PBXFileReference section */
		AC4133891C8C821E00FE7CFA /* EventMonitor.swift */ = {isa = PBXFileReference; fileEncoding = 4; lastKnownFileType = sourcecode.swift; path = EventMonitor.swift; sourceTree = "<group>"; };
		AC41338B1C8C837F00FE7CFA /* FloatCal-Bridging-Header.h */ = {isa = PBXFileReference; lastKnownFileType = sourcecode.c.h; path = "FloatCal-Bridging-Header.h"; sourceTree = "<group>"; };
		AC63E8631C54CB3200D4C116 /* FloatCal.app */ = {isa = PBXFileReference; explicitFileType = wrapper.application; includeInIndex = 0; path = FloatCal.app; sourceTree = BUILT_PRODUCTS_DIR; };
		AC63E8661C54CB3200D4C116 /* AppDelegate.swift */ = {isa = PBXFileReference; lastKnownFileType = sourcecode.swift; path = AppDelegate.swift; sourceTree = "<group>"; };
		AC63E8681C54CB3200D4C116 /* Assets.xcassets */ = {isa = PBXFileReference; lastKnownFileType = folder.assetcatalog; path = Assets.xcassets; sourceTree = "<group>"; };
		AC63E86B1C54CB3200D4C116 /* Base */ = {isa = PBXFileReference; lastKnownFileType = file.xib; name = Base; path = Base.lproj/MainMenu.xib; sourceTree = "<group>"; };
		AC63E86D1C54CB3200D4C116 /* Info.plist */ = {isa = PBXFileReference; lastKnownFileType = text.plist.xml; path = Info.plist; sourceTree = "<group>"; };
		AC63E8751C54CBC800D4C116 /* PGCalendarBackground.h */ = {isa = PBXFileReference; fileEncoding = 4; lastKnownFileType = sourcecode.c.h; path = PGCalendarBackground.h; sourceTree = "<group>"; };
		AC63E8761C54CBC800D4C116 /* PGCalendarBackground.m */ = {isa = PBXFileReference; fileEncoding = 4; lastKnownFileType = sourcecode.c.objc; path = PGCalendarBackground.m; sourceTree = "<group>"; };
		AC63E8771C54CBC800D4C116 /* PGCalendarCell.h */ = {isa = PBXFileReference; fileEncoding = 4; lastKnownFileType = sourcecode.c.h; path = PGCalendarCell.h; sourceTree = "<group>"; };
		AC63E8781C54CBC800D4C116 /* PGCalendarCell.m */ = {isa = PBXFileReference; fileEncoding = 4; lastKnownFileType = sourcecode.c.objc; path = PGCalendarCell.m; sourceTree = "<group>"; };
		AC63E8791C54CBC800D4C116 /* PGCalendarView.h */ = {isa = PBXFileReference; fileEncoding = 4; lastKnownFileType = sourcecode.c.h; path = PGCalendarView.h; sourceTree = "<group>"; };
		AC63E87A1C54CBC800D4C116 /* PGCalendarView.m */ = {isa = PBXFileReference; fileEncoding = 4; lastKnownFileType = sourcecode.c.objc; path = PGCalendarView.m; sourceTree = "<group>"; };
		AC63E87B1C54CBC800D4C116 /* PGCalendarView.xib */ = {isa = PBXFileReference; fileEncoding = 4; lastKnownFileType = file.xib; path = PGCalendarView.xib; sourceTree = "<group>"; };
		ACE878A21CA5104800E13642 /* PreferencesWindow.swift */ = {isa = PBXFileReference; fileEncoding = 4; lastKnownFileType = sourcecode.swift; path = PreferencesWindow.swift; sourceTree = "<group>"; };
		ACE878A31CA5104800E13642 /* PreferencesWindow.xib */ = {isa = PBXFileReference; fileEncoding = 4; lastKnownFileType = file.xib; path = PreferencesWindow.xib; sourceTree = "<group>"; };
		ACE8C5DF1CA52B100075512C /* CustomEventCell.swift */ = {isa = PBXFileReference; fileEncoding = 4; lastKnownFileType = sourcecode.swift; path = CustomEventCell.swift; sourceTree = "<group>"; };
		ACE8C5E11CA53BD80075512C /* SwiftDate.framework */ = {isa = PBXFileReference; lastKnownFileType = wrapper.framework; name = SwiftDate.framework; path = ../Carthage/Carthage/Build/Mac/SwiftDate.framework; sourceTree = "<group>"; };
		ACE8C5E61CA53C190075512C /* SwiftDate.framework.dSYM */ = {isa = PBXFileReference; lastKnownFileType = wrapper.dsym; name = SwiftDate.framework.dSYM; path = ../Carthage/Carthage/Build/Mac/SwiftDate.framework.dSYM; sourceTree = "<group>"; };
		ACEBE2251C9338EB001C8410 /* CalendarContentViewController.swift */ = {isa = PBXFileReference; fileEncoding = 4; lastKnownFileType = sourcecode.swift; path = CalendarContentViewController.swift; sourceTree = "<group>"; };
		ACEBE2261C9338EB001C8410 /* CalendarContentViewController.xib */ = {isa = PBXFileReference; fileEncoding = 4; lastKnownFileType = file.xib; path = CalendarContentViewController.xib; sourceTree = "<group>"; };
		ACEBE2431C93F9FB001C8410 /* LauncherApplication.app */ = {isa = PBXFileReference; explicitFileType = wrapper.application; includeInIndex = 0; path = LauncherApplication.app; sourceTree = BUILT_PRODUCTS_DIR; };
		ACEBE2451C93F9FB001C8410 /* AppDelegate.swift */ = {isa = PBXFileReference; lastKnownFileType = sourcecode.swift; path = AppDelegate.swift; sourceTree = "<group>"; };
		ACEBE2491C93F9FB001C8410 /* Assets.xcassets */ = {isa = PBXFileReference; lastKnownFileType = folder.assetcatalog; path = Assets.xcassets; sourceTree = "<group>"; };
		ACEBE24C1C93F9FB001C8410 /* Base */ = {isa = PBXFileReference; lastKnownFileType = file.storyboard; name = Base; path = Base.lproj/Main.storyboard; sourceTree = "<group>"; };
		ACEBE24E1C93F9FB001C8410 /* Info.plist */ = {isa = PBXFileReference; lastKnownFileType = text.plist.xml; path = Info.plist; sourceTree = "<group>"; };
		ACEBE2521C93FA2F001C8410 /* LauncherApplication.entitlements */ = {isa = PBXFileReference; lastKnownFileType = text.xml; path = LauncherApplication.entitlements; sourceTree = "<group>"; };
		ACEBE2531C93FA4A001C8410 /* FloatCal.entitlements */ = {isa = PBXFileReference; lastKnownFileType = text.xml; path = FloatCal.entitlements; sourceTree = "<group>"; };
		ACEBE2561C93FAFA001C8410 /* ServiceManagement.framework */ = {isa = PBXFileReference; lastKnownFileType = wrapper.framework; name = ServiceManagement.framework; path = System/Library/Frameworks/ServiceManagement.framework; sourceTree = SDKROOT; };
/* End PBXFileReference section */

/* Begin PBXFrameworksBuildPhase section */
		AC63E8601C54CB3200D4C116 /* Frameworks */ = {
			isa = PBXFrameworksBuildPhase;
			buildActionMask = 2147483647;
			files = (
				ACE8C5E21CA53BD80075512C /* SwiftDate.framework in Frameworks */,
				ACEBE2571C93FAFA001C8410 /* ServiceManagement.framework in Frameworks */,
			);
			runOnlyForDeploymentPostprocessing = 0;
		};
		ACEBE2401C93F9FB001C8410 /* Frameworks */ = {
			isa = PBXFrameworksBuildPhase;
			buildActionMask = 2147483647;
			files = (
			);
			runOnlyForDeploymentPostprocessing = 0;
		};
/* End PBXFrameworksBuildPhase section */

/* Begin PBXGroup section */
		9EC3F9370C3ADCFDAE70B27B /* Frameworks */ = {
			isa = PBXGroup;
			children = (
				ACEBE2561C93FAFA001C8410 /* ServiceManagement.framework */,
			);
			name = Frameworks;
			sourceTree = "<group>";
		};
		AC63E85A1C54CB3200D4C116 = {
			isa = PBXGroup;
			children = (
				ACE8C5E61CA53C190075512C /* SwiftDate.framework.dSYM */,
				ACE8C5E11CA53BD80075512C /* SwiftDate.framework */,
				AC63E8651C54CB3200D4C116 /* FloatCal */,
				ACEBE2441C93F9FB001C8410 /* LauncherApplication */,
				AC63E8641C54CB3200D4C116 /* Products */,
				9EC3F9370C3ADCFDAE70B27B /* Frameworks */,
			);
			sourceTree = "<group>";
		};
		AC63E8641C54CB3200D4C116 /* Products */ = {
			isa = PBXGroup;
			children = (
				AC63E8631C54CB3200D4C116 /* FloatCal.app */,
				ACEBE2431C93F9FB001C8410 /* LauncherApplication.app */,
			);
			name = Products;
			sourceTree = "<group>";
		};
		AC63E8651C54CB3200D4C116 /* FloatCal */ = {
			isa = PBXGroup;
			children = (
				ACE878A21CA5104800E13642 /* PreferencesWindow.swift */,
				ACE878A31CA5104800E13642 /* PreferencesWindow.xib */,
				ACEBE2531C93FA4A001C8410 /* FloatCal.entitlements */,
				AC63E8741C54CBC800D4C116 /* PGCalendar */,
				AC63E8661C54CB3200D4C116 /* AppDelegate.swift */,
				AC41338B1C8C837F00FE7CFA /* FloatCal-Bridging-Header.h */,
				AC63E8681C54CB3200D4C116 /* Assets.xcassets */,
				AC63E86A1C54CB3200D4C116 /* MainMenu.xib */,
				AC63E86D1C54CB3200D4C116 /* Info.plist */,
				AC4133891C8C821E00FE7CFA /* EventMonitor.swift */,
				ACEBE2251C9338EB001C8410 /* CalendarContentViewController.swift */,
				ACEBE2261C9338EB001C8410 /* CalendarContentViewController.xib */,
				ACE8C5DF1CA52B100075512C /* CustomEventCell.swift */,
			);
			path = FloatCal;
			sourceTree = "<group>";
		};
		AC63E8741C54CBC800D4C116 /* PGCalendar */ = {
			isa = PBXGroup;
			children = (
				AC63E8751C54CBC800D4C116 /* PGCalendarBackground.h */,
				AC63E8761C54CBC800D4C116 /* PGCalendarBackground.m */,
				AC63E8771C54CBC800D4C116 /* PGCalendarCell.h */,
				AC63E8781C54CBC800D4C116 /* PGCalendarCell.m */,
				AC63E8791C54CBC800D4C116 /* PGCalendarView.h */,
				AC63E87A1C54CBC800D4C116 /* PGCalendarView.m */,
				AC63E87B1C54CBC800D4C116 /* PGCalendarView.xib */,
			);
			path = PGCalendar;
			sourceTree = "<group>";
		};
		ACEBE2441C93F9FB001C8410 /* LauncherApplication */ = {
			isa = PBXGroup;
			children = (
				ACEBE2521C93FA2F001C8410 /* LauncherApplication.entitlements */,
				ACEBE2451C93F9FB001C8410 /* AppDelegate.swift */,
				ACEBE2491C93F9FB001C8410 /* Assets.xcassets */,
				ACEBE24B1C93F9FB001C8410 /* Main.storyboard */,
				ACEBE24E1C93F9FB001C8410 /* Info.plist */,
			);
			path = LauncherApplication;
			sourceTree = "<group>";
		};
/* End PBXGroup section */

/* Begin PBXNativeTarget section */
		AC63E8621C54CB3200D4C116 /* FloatCal */ = {
			isa = PBXNativeTarget;
			buildConfigurationList = AC63E8701C54CB3200D4C116 /* Build configuration list for PBXNativeTarget "FloatCal" */;
			buildPhases = (
				AC63E85F1C54CB3200D4C116 /* Sources */,
				AC63E8601C54CB3200D4C116 /* Frameworks */,
				AC63E8611C54CB3200D4C116 /* Resources */,
				ACEBE2541C93FABA001C8410 /* Copy Launcher App */,
				ACE8C5E41CA53BD90075512C /* Embed Frameworks */,
				ACE8C5E51CA53BF90075512C /* CopyFiles */,
			);
			buildRules = (
			);
			dependencies = (
			);
			name = FloatCal;
			productName = FloatCal;
			productReference = AC63E8631C54CB3200D4C116 /* FloatCal.app */;
			productType = "com.apple.product-type.application";
		};
		ACEBE2421C93F9FB001C8410 /* LauncherApplication */ = {
			isa = PBXNativeTarget;
			buildConfigurationList = ACEBE24F1C93F9FB001C8410 /* Build configuration list for PBXNativeTarget "LauncherApplication" */;
			buildPhases = (
				ACEBE23F1C93F9FB001C8410 /* Sources */,
				ACEBE2401C93F9FB001C8410 /* Frameworks */,
				ACEBE2411C93F9FB001C8410 /* Resources */,
			);
			buildRules = (
			);
			dependencies = (
			);
			name = LauncherApplication;
			productName = LauncherApplication;
			productReference = ACEBE2431C93F9FB001C8410 /* LauncherApplication.app */;
			productType = "com.apple.product-type.application";
		};
/* End PBXNativeTarget section */

/* Begin PBXProject section */
		AC63E85B1C54CB3200D4C116 /* Project object */ = {
			isa = PBXProject;
			attributes = {
				LastSwiftUpdateCheck = 0720;
				LastUpgradeCheck = 0720;
				ORGANIZATIONNAME = "Praveen Gowda I V";
				TargetAttributes = {
					AC63E8621C54CB3200D4C116 = {
						CreatedOnToolsVersion = 7.2;
						DevelopmentTeam = 42K4FLWU7X;
						SystemCapabilities = {
							com.apple.Sandbox = {
								enabled = 1;
							};
						};
					};
					ACEBE2421C93F9FB001C8410 = {
						CreatedOnToolsVersion = 7.2;
						DevelopmentTeam = 42K4FLWU7X;
						SystemCapabilities = {
							com.apple.Sandbox = {
								enabled = 1;
							};
						};
					};
				};
			};
			buildConfigurationList = AC63E85E1C54CB3200D4C116 /* Build configuration list for PBXProject "FloatCal" */;
			compatibilityVersion = "Xcode 3.2";
			developmentRegion = English;
			hasScannedForEncodings = 0;
			knownRegions = (
				en,
				Base,
			);
			mainGroup = AC63E85A1C54CB3200D4C116;
			productRefGroup = AC63E8641C54CB3200D4C116 /* Products */;
			projectDirPath = "";
			projectRoot = "";
			targets = (
				AC63E8621C54CB3200D4C116 /* FloatCal */,
				ACEBE2421C93F9FB001C8410 /* LauncherApplication */,
			);
		};
/* End PBXProject section */

/* Begin PBXResourcesBuildPhase section */
		AC63E8611C54CB3200D4C116 /* Resources */ = {
			isa = PBXResourcesBuildPhase;
			buildActionMask = 2147483647;
			files = (
				AC63E87F1C54CBC800D4C116 /* PGCalendarView.xib in Resources */,
				ACE878A51CA5104800E13642 /* PreferencesWindow.xib in Resources */,
				AC63E8691C54CB3200D4C116 /* Assets.xcassets in Resources */,
				ACEBE2281C9338EB001C8410 /* CalendarContentViewController.xib in Resources */,
				AC63E86C1C54CB3200D4C116 /* MainMenu.xib in Resources */,
			);
			runOnlyForDeploymentPostprocessing = 0;
		};
		ACEBE2411C93F9FB001C8410 /* Resources */ = {
			isa = PBXResourcesBuildPhase;
			buildActionMask = 2147483647;
			files = (
				ACEBE24A1C93F9FB001C8410 /* Assets.xcassets in Resources */,
				ACEBE24D1C93F9FB001C8410 /* Main.storyboard in Resources */,
			);
			runOnlyForDeploymentPostprocessing = 0;
		};
/* End PBXResourcesBuildPhase section */

/* Begin PBXSourcesBuildPhase section */
		AC63E85F1C54CB3200D4C116 /* Sources */ = {
			isa = PBXSourcesBuildPhase;
			buildActionMask = 2147483647;
			files = (
				ACEBE2271C9338EB001C8410 /* CalendarContentViewController.swift in Sources */,
				AC63E87C1C54CBC800D4C116 /* PGCalendarBackground.m in Sources */,
				AC41338A1C8C821E00FE7CFA /* EventMonitor.swift in Sources */,
				AC63E87E1C54CBC800D4C116 /* PGCalendarView.m in Sources */,
				AC63E8671C54CB3200D4C116 /* AppDelegate.swift in Sources */,
				ACE8C5E01CA52B100075512C /* CustomEventCell.swift in Sources */,
				ACE878A41CA5104800E13642 /* PreferencesWindow.swift in Sources */,
				AC63E87D1C54CBC800D4C116 /* PGCalendarCell.m in Sources */,
			);
			runOnlyForDeploymentPostprocessing = 0;
		};
		ACEBE23F1C93F9FB001C8410 /* Sources */ = {
			isa = PBXSourcesBuildPhase;
			buildActionMask = 2147483647;
			files = (
				ACEBE2461C93F9FB001C8410 /* AppDelegate.swift in Sources */,
			);
			runOnlyForDeploymentPostprocessing = 0;
		};
/* End PBXSourcesBuildPhase section */

/* Begin PBXVariantGroup section */
		AC63E86A1C54CB3200D4C116 /* MainMenu.xib */ = {
			isa = PBXVariantGroup;
			children = (
				AC63E86B1C54CB3200D4C116 /* Base */,
			);
			name = MainMenu.xib;
			sourceTree = "<group>";
		};
		ACEBE24B1C93F9FB001C8410 /* Main.storyboard */ = {
			isa = PBXVariantGroup;
			children = (
				ACEBE24C1C93F9FB001C8410 /* Base */,
			);
			name = Main.storyboard;
			sourceTree = "<group>";
		};
/* End PBXVariantGroup section */

/* Begin XCBuildConfiguration section */
		AC63E86E1C54CB3200D4C116 /* Debug */ = {
			isa = XCBuildConfiguration;
			buildSettings = {
				ALWAYS_SEARCH_USER_PATHS = NO;
				CLANG_CXX_LANGUAGE_STANDARD = "gnu++0x";
				CLANG_CXX_LIBRARY = "libc++";
				CLANG_ENABLE_MODULES = YES;
				CLANG_ENABLE_OBJC_ARC = YES;
				CLANG_WARN_BOOL_CONVERSION = YES;
				CLANG_WARN_CONSTANT_CONVERSION = YES;
				CLANG_WARN_DIRECT_OBJC_ISA_USAGE = YES_ERROR;
				CLANG_WARN_EMPTY_BODY = YES;
				CLANG_WARN_ENUM_CONVERSION = YES;
				CLANG_WARN_INT_CONVERSION = YES;
				CLANG_WARN_OBJC_ROOT_CLASS = YES_ERROR;
				CLANG_WARN_UNREACHABLE_CODE = YES;
				CLANG_WARN__DUPLICATE_METHOD_MATCH = YES;
				CODE_SIGN_IDENTITY = "-";
				COPY_PHASE_STRIP = NO;
				DEBUG_INFORMATION_FORMAT = dwarf;
				ENABLE_STRICT_OBJC_MSGSEND = YES;
				ENABLE_TESTABILITY = YES;
				GCC_C_LANGUAGE_STANDARD = gnu99;
				GCC_DYNAMIC_NO_PIC = NO;
				GCC_NO_COMMON_BLOCKS = YES;
				GCC_OPTIMIZATION_LEVEL = 0;
				GCC_PREPROCESSOR_DEFINITIONS = (
					"DEBUG=1",
					"$(inherited)",
				);
				GCC_WARN_64_TO_32_BIT_CONVERSION = YES;
				GCC_WARN_ABOUT_RETURN_TYPE = YES_ERROR;
				GCC_WARN_UNDECLARED_SELECTOR = YES;
				GCC_WARN_UNINITIALIZED_AUTOS = YES_AGGRESSIVE;
				GCC_WARN_UNUSED_FUNCTION = YES;
				GCC_WARN_UNUSED_VARIABLE = YES;
				MACOSX_DEPLOYMENT_TARGET = 10.10;
				MTL_ENABLE_DEBUG_INFO = YES;
				ONLY_ACTIVE_ARCH = YES;
				SDKROOT = macosx;
				SWIFT_OPTIMIZATION_LEVEL = "-Onone";
			};
			name = Debug;
		};
		AC63E86F1C54CB3200D4C116 /* Release */ = {
			isa = XCBuildConfiguration;
			buildSettings = {
				ALWAYS_SEARCH_USER_PATHS = NO;
				CLANG_CXX_LANGUAGE_STANDARD = "gnu++0x";
				CLANG_CXX_LIBRARY = "libc++";
				CLANG_ENABLE_MODULES = YES;
				CLANG_ENABLE_OBJC_ARC = YES;
				CLANG_WARN_BOOL_CONVERSION = YES;
				CLANG_WARN_CONSTANT_CONVERSION = YES;
				CLANG_WARN_DIRECT_OBJC_ISA_USAGE = YES_ERROR;
				CLANG_WARN_EMPTY_BODY = YES;
				CLANG_WARN_ENUM_CONVERSION = YES;
				CLANG_WARN_INT_CONVERSION = YES;
				CLANG_WARN_OBJC_ROOT_CLASS = YES_ERROR;
				CLANG_WARN_UNREACHABLE_CODE = YES;
				CLANG_WARN__DUPLICATE_METHOD_MATCH = YES;
				CODE_SIGN_IDENTITY = "-";
				COPY_PHASE_STRIP = NO;
				DEBUG_INFORMATION_FORMAT = "dwarf-with-dsym";
				ENABLE_NS_ASSERTIONS = NO;
				ENABLE_STRICT_OBJC_MSGSEND = YES;
				GCC_C_LANGUAGE_STANDARD = gnu99;
				GCC_NO_COMMON_BLOCKS = YES;
				GCC_WARN_64_TO_32_BIT_CONVERSION = YES;
				GCC_WARN_ABOUT_RETURN_TYPE = YES_ERROR;
				GCC_WARN_UNDECLARED_SELECTOR = YES;
				GCC_WARN_UNINITIALIZED_AUTOS = YES_AGGRESSIVE;
				GCC_WARN_UNUSED_FUNCTION = YES;
				GCC_WARN_UNUSED_VARIABLE = YES;
				MACOSX_DEPLOYMENT_TARGET = 10.10;
				MTL_ENABLE_DEBUG_INFO = NO;
				SDKROOT = macosx;
			};
			name = Release;
		};
		AC63E8711C54CB3200D4C116 /* Debug */ = {
			isa = XCBuildConfiguration;
			buildSettings = {
				ASSETCATALOG_COMPILER_APPICON_NAME = AppIcon;
				CODE_SIGN_ENTITLEMENTS = FloatCal/FloatCal.entitlements;
				CODE_SIGN_IDENTITY = "Mac Developer";
				COMBINE_HIDPI_IMAGES = YES;
				FRAMEWORK_SEARCH_PATHS = "\"$(SRCROOT)/../Carthage/Carthage/Build/Mac\"";
				HEADER_SEARCH_PATHS = "\"$(SRCROOT)/../Carthage/Carthage/Build/Mac/SwiftDate.framework/Headers\"";
				INFOPLIST_FILE = FloatCal/Info.plist;
				LD_RUNPATH_SEARCH_PATHS = "$(inherited) @executable_path/../Frameworks";
				PRODUCT_BUNDLE_IDENTIFIER = com.praveengowda.app.FloatCal;
				PRODUCT_NAME = "$(TARGET_NAME)";
				SWIFT_OBJC_BRIDGING_HEADER = "FloatCal/FloatCal-Bridging-Header.h";
			};
			name = Debug;
		};
		AC63E8721C54CB3200D4C116 /* Release */ = {
			isa = XCBuildConfiguration;
			buildSettings = {
				ASSETCATALOG_COMPILER_APPICON_NAME = AppIcon;
				CODE_SIGN_ENTITLEMENTS = FloatCal/FloatCal.entitlements;
				CODE_SIGN_IDENTITY = "Mac Developer";
				COMBINE_HIDPI_IMAGES = YES;
				FRAMEWORK_SEARCH_PATHS = "\"$(SRCROOT)/../Carthage/Carthage/Build/Mac\"";
				HEADER_SEARCH_PATHS = "\"$(SRCROOT)/../Carthage/Carthage/Build/Mac/SwiftDate.framework/Headers\"";
				INFOPLIST_FILE = FloatCal/Info.plist;
				LD_RUNPATH_SEARCH_PATHS = "$(inherited) @executable_path/../Frameworks";
				PRODUCT_BUNDLE_IDENTIFIER = com.praveengowda.app.FloatCal;
				PRODUCT_NAME = "$(TARGET_NAME)";
				SWIFT_OBJC_BRIDGING_HEADER = "FloatCal/FloatCal-Bridging-Header.h";
			};
			name = Release;
		};
		ACEBE2501C93F9FB001C8410 /* Debug */ = {
			isa = XCBuildConfiguration;
			buildSettings = {
				ASSETCATALOG_COMPILER_APPICON_NAME = AppIcon;
				CODE_SIGN_ENTITLEMENTS = LauncherApplication/LauncherApplication.entitlements;
				CODE_SIGN_IDENTITY = "Mac Developer";
				COMBINE_HIDPI_IMAGES = YES;
				INFOPLIST_FILE = LauncherApplication/Info.plist;
				LD_RUNPATH_SEARCH_PATHS = "$(inherited) @executable_path/../Frameworks";
				PRODUCT_BUNDLE_IDENTIFIER = com.praveengowda.app.LauncherApplication;
				PRODUCT_NAME = "$(TARGET_NAME)";
				SKIP_INSTALL = YES;
			};
			name = Debug;
		};
		ACEBE2511C93F9FB001C8410 /* Release */ = {
			isa = XCBuildConfiguration;
			buildSettings = {
				ASSETCATALOG_COMPILER_APPICON_NAME = AppIcon;
				CODE_SIGN_ENTITLEMENTS = LauncherApplication/LauncherApplication.entitlements;
				CODE_SIGN_IDENTITY = "Mac Developer";
				COMBINE_HIDPI_IMAGES = YES;
				INFOPLIST_FILE = LauncherApplication/Info.plist;
				LD_RUNPATH_SEARCH_PATHS = "$(inherited) @executable_path/../Frameworks";
				PRODUCT_BUNDLE_IDENTIFIER = com.praveengowda.app.LauncherApplication;
				PRODUCT_NAME = "$(TARGET_NAME)";
				SKIP_INSTALL = YES;
			};
			name = Release;
		};
/* End XCBuildConfiguration section */

/* Begin XCConfigurationList section */
		AC63E85E1C54CB3200D4C116 /* Build configuration list for PBXProject "FloatCal" */ = {
			isa = XCConfigurationList;
			buildConfigurations = (
				AC63E86E1C54CB3200D4C116 /* Debug */,
				AC63E86F1C54CB3200D4C116 /* Release */,
			);
			defaultConfigurationIsVisible = 0;
			defaultConfigurationName = Release;
		};
		AC63E8701C54CB3200D4C116 /* Build configuration list for PBXNativeTarget "FloatCal" */ = {
			isa = XCConfigurationList;
			buildConfigurations = (
				AC63E8711C54CB3200D4C116 /* Debug */,
				AC63E8721C54CB3200D4C116 /* Release */,
			);
			defaultConfigurationIsVisible = 0;
			defaultConfigurationName = Release;
		};
		ACEBE24F1C93F9FB001C8410 /* Build configuration list for PBXNativeTarget "LauncherApplication" */ = {
			isa = XCConfigurationList;
			buildConfigurations = (
				ACEBE2501C93F9FB001C8410 /* Debug */,
				ACEBE2511C93F9FB001C8410 /* Release */,
			);
			defaultConfigurationIsVisible = 0;
			defaultConfigurationName = Release;
		};
/* End XCConfigurationList section */
	};
	rootObject = AC63E85B1C54CB3200D4C116 /* Project object */;
}
